Microsoft Visual Studio Solution File, Format Version 11.00
# Visual Studio 2008

Project("{10E907B0-85FB-F2C8-4F9B-3E7B4FF2C7B0}") = "SodaStack", "Assembly-CSharp.csproj", "{B87EB355-E29E-2C95-8B5A-EB9E7BFC2401}"
EndProject
Global
	GlobalSection(SolutionConfigurationPlatforms) = preSolution
		Debug|Any CPU = Debug|Any CPU
		Release|Any CPU = Release|Any CPU
	EndGlobalSection
	GlobalSection(ProjectConfigurationPlatforms) = postSolution
		{B87EB355-E29E-2C95-8B5A-EB9E7BFC2401}.Debug|Any CPU.ActiveCfg = Debug|Any CPU
		{B87EB355-E29E-2C95-8B5A-EB9E7BFC2401}.Debug|Any CPU.Build.0 = Debug|Any CPU
		{B87EB355-E29E-2C95-8B5A-EB9E7BFC2401}.Release|Any CPU.ActiveCfg = Release|Any CPU
		{B87EB355-E29E-2C95-8B5A-EB9E7BFC2401}.Release|Any CPU.Build.0 = Release|Any CPU
	EndGlobalSection
	GlobalSection(SolutionProperties) = preSolution
		HideSolutionNode = FALSE
	EndGlobalSection
	GlobalSection(MonoDevelopProperties) = preSolution
		StartupItem = Assembly-CSharp.csproj
	EndGlobalSection
EndGlobal
